// !$*UTF8*$!
{
	archiveVersion = 1;
	classes = {
	};
	objectVersion = 50;
	objects = {

/* Begin PBXBuildFile section */
		694233EE2512262F00E96B97 /* AppDelegate.swift in Sources */ = {isa = PBXBuildFile; fileRef = 694233ED2512262F00E96B97 /* AppDelegate.swift */; };
		694233F02512262F00E96B97 /* SceneDelegate.swift in Sources */ = {isa = PBXBuildFile; fileRef = 694233EF2512262F00E96B97 /* SceneDelegate.swift */; };
		694233F22512262F00E96B97 /* ViewController.swift in Sources */ = {isa = PBXBuildFile; fileRef = 694233F12512262F00E96B97 /* ViewController.swift */; };
		694233F72512263100E96B97 /* Assets.xcassets in Resources */ = {isa = PBXBuildFile; fileRef = 694233F62512263100E96B97 /* Assets.xcassets */; };
		694233FA2512263100E96B97 /* LaunchScreen.storyboard in Resources */ = {isa = PBXBuildFile; fileRef = 694233F82512263100E96B97 /* LaunchScreen.storyboard */; };
		69423402251226DC00E96B97 /* Layout.swift in Sources */ = {isa = PBXBuildFile; fileRef = 69423401251226DC00E96B97 /* Layout.swift */; };
		6942340425122B5300E96B97 /* AppleOrBanana_2.mlmodel in Sources */ = {isa = PBXBuildFile; fileRef = 6942340325122B5300E96B97 /* AppleOrBanana_2.mlmodel */; };
/* End PBXBuildFile section */

/* Begin PBXFileReference section */
		694233EA2512262F00E96B97 /* BananaAppleImageClassifierApp.app */ = {isa = PBXFileReference; explicitFileType = wrapper.application; includeInIndex = 0; path = BananaAppleImageClassifierApp.app; sourceTree = BUILT_PRODUCTS_DIR; };
		694233ED2512262F00E96B97 /* AppDelegate.swift */ = {isa = PBXFileReference; lastKnownFileType = sourcecode.swift; path = AppDelegate.swift; sourceTree = "<group>"; };
		694233EF2512262F00E96B97 /* SceneDelegate.swift */ = {isa = PBXFileReference; lastKnownFileType = sourcecode.swift; path = SceneDelegate.swift; sourceTree = "<group>"; };
		694233F12512262F00E96B97 /* ViewController.swift */ = {isa = PBXFileReference; lastKnownFileType = sourcecode.swift; path = ViewController.swift; sourceTree = "<group>"; };
		694233F62512263100E96B97 /* Assets.xcassets */ = {isa = PBXFileReference; lastKnownFileType = folder.assetcatalog; path = Assets.xcassets; sourceTree = "<group>"; };
		694233F92512263100E96B97 /* Base */ = {isa = PBXFileReference; lastKnownFileType = file.storyboard; name = Base; path = Base.lproj/LaunchScreen.storyboard; sourceTree = "<group>"; };
		694233FB2512263100E96B97 /* Info.plist */ = {isa = PBXFileReference; lastKnownFileType = text.plist.xml; path = Info.plist; sourceTree = "<group>"; };
		69423401251226DC00E96B97 /* Layout.swift */ = {isa = PBXFileReference; lastKnownFileType = sourcecode.swift; path = Layout.swift; sourceTree = "<group>"; };
		6942340325122B5300E96B97 /* AppleOrBanana_2.mlmodel */ = {isa = PBXFileReference; lastKnownFileType = file.mlmodel; path = AppleOrBanana_2.mlmodel; sourceTree = "<group>"; };
/* End PBXFileReference section */

/* Begin PBXFrameworksBuildPhase section */
		694233E72512262F00E96B97 /* Frameworks */ = {
			isa = PBXFrameworksBuildPhase;
			buildActionMask = 2147483647;
			files = (
			);
			runOnlyForDeploymentPostprocessing = 0;
		};
/* End PBXFrameworksBuildPhase section */

/* Begin PBXGroup section */
		694233E12512262F00E96B97 = {
			isa = PBXGroup;
			children = (
				694233EC2512262F00E96B97 /* BananaAppleImageClassifierApp */,
				694233EB2512262F00E96B97 /* Products */,
			);
			sourceTree = "<group>";
		};
		694233EB2512262F00E96B97 /* Products */ = {
			isa = PBXGroup;
			children = (
				694233EA2512262F00E96B97 /* BananaAppleImageClassifierApp.app */,
			);
			name = Products;
			sourceTree = "<group>";
		};
		694233EC2512262F00E96B97 /* BananaAppleImageClassifierApp */ = {
			isa = PBXGroup;
			children = (
				694233FB2512263100E96B97 /* Info.plist */,
				694233ED2512262F00E96B97 /* AppDelegate.swift */,
				694233EF2512262F00E96B97 /* SceneDelegate.swift */,
				694233F12512262F00E96B97 /* ViewController.swift */,
				6942340325122B5300E96B97 /* AppleOrBanana_2.mlmodel */,
				694233F62512263100E96B97 /* Assets.xcassets */,
				694233F82512263100E96B97 /* LaunchScreen.storyboard */,
				69423401251226DC00E96B97 /* Layout.swift */,
			);
			path = BananaAppleImageClassifierApp;
			sourceTree = "<group>";
		};
/* End PBXGroup section */

/* Begin PBXNativeTarget section */
		694233E92512262F00E96B97 /* BananaAppleImageClassifierApp */ = {
			isa = PBXNativeTarget;
			buildConfigurationList = 694233FE2512263100E96B97 /* Build configuration list for PBXNativeTarget "BananaAppleImageClassifierApp" */;
			buildPhases = (
				694233E62512262F00E96B97 /* Sources */,
				694233E72512262F00E96B97 /* Frameworks */,
				694233E82512262F00E96B97 /* Resources */,
			);
			buildRules = (
			);
			dependencies = (
			);
			name = BananaAppleImageClassifierApp;
			productName = BananaAppleImageClassifierApp;
			productReference = 694233EA2512262F00E96B97 /* BananaAppleImageClassifierApp.app */;
			productType = "com.apple.product-type.application";
		};
/* End PBXNativeTarget section */

/* Begin PBXProject section */
		694233E22512262F00E96B97 /* Project object */ = {
			isa = PBXProject;
			attributes = {
				LastSwiftUpdateCheck = 1170;
				LastUpgradeCheck = 1170;
				ORGANIZATIONNAME = "Masato Miyai";
				TargetAttributes = {
					694233E92512262F00E96B97 = {
						CreatedOnToolsVersion = 11.7;
					};
				};
			};
			buildConfigurationList = 694233E52512262F00E96B97 /* Build configuration list for PBXProject "BananaAppleImageClassifierApp" */;
			compatibilityVersion = "Xcode 9.3";
			developmentRegion = en;
			hasScannedForEncodings = 0;
			knownRegions = (
				en,
				Base,
			);
			mainGroup = 694233E12512262F00E96B97;
			productRefGroup = 694233EB2512262F00E96B97 /* Products */;
			projectDirPath = "";
			projectRoot = "";
			targets = (
				694233E92512262F00E96B97 /* BananaAppleImageClassifierApp */,
			);
		};
/* End PBXProject section */

/* Begin PBXResourcesBuildPhase section */
		694233E82512262F00E96B97 /* Resources */ = {
			isa = PBXResourcesBuildPhase;
			buildActionMask = 2147483647;
			files = (
				694233FA2512263100E96B97 /* LaunchScreen.storyboard in Resources */,
				694233F72512263100E96B97 /* Assets.xcassets in Resources */,
			);
			runOnlyForDeploymentPostprocessing = 0;
		};
/* End PBXResourcesBuildPhase section */

/* Begin PBXSourcesBuildPhase section */
		694233E62512262F00E96B97 /* Sources */ = {
			isa = PBXSourcesBuildPhase;
			buildActionMask = 2147483647;
			files = (
				694233F22512262F00E96B97 /* ViewController.swift in Sources */,
				6942340425122B5300E96B97 /* AppleOrBanana_2.mlmodel in Sources */,
				69423402251226DC00E96B97 /* Layout.swift in Sources */,
				694233EE2512262F00E96B97 /* AppDelegate.swift in Sources */,
				694233F02512262F00E96B97 /* SceneDelegate.swift in Sources */,
			);
			runOnlyForDeploymentPostprocessing = 0;
		};
/* End PBXSourcesBuildPhase section */

/* Begin PBXVariantGroup section */
		694233F82512263100E96B97 /* LaunchScreen.storyboard */ = {
			isa = PBXVariantGroup;
			children = (
				694233F92512263100E96B97 /* Base */,
			);
			name = LaunchScreen.storyboard;
			sourceTree = "<group>";
		};
/* End PBXVariantGroup section */

/* Begin XCBuildConfiguration section */
		694233FC2512263100E96B97 /* Debug */ = {
			isa = XCBuildConfiguration;
			buildSettings = {
				ALWAYS_SEARCH_USER_PATHS = NO;
				CLANG_ANALYZER_NONNULL = YES;
				CLANG_ANALYZER_NUMBER_OBJECT_CONVERSION = YES_AGGRESSIVE;
				CLANG_CXX_LANGUAGE_STANDARD = "gnu++14";
				CLANG_CXX_LIBRARY = "libc++";
				CLANG_ENABLE_MODULES = YES;
				CLANG_ENABLE_OBJC_ARC = YES;
				CLANG_ENABLE_OBJC_WEAK = YES;
				CLANG_WARN_BLOCK_CAPTURE_AUTORELEASING = YES;
				CLANG_WARN_BOOL_CONVERSION = YES;
				CLANG_WARN_COMMA = YES;
				CLANG_WARN_CONSTANT_CONVERSION = YES;
				CLANG_WARN_DEPRECATED_OBJC_IMPLEMENTATIONS = YES;
				CLANG_WARN_DIRECT_OBJC_ISA_USAGE = YES_ERROR;
				CLANG_WARN_DOCUMENTATION_COMMENTS = YES;
				CLANG_WARN_EMPTY_BODY = YES;
				CLANG_WARN_ENUM_CONVERSION = YES;
				CLANG_WARN_INFINITE_RECURSION = YES;
				CLANG_WARN_INT_CONVERSION = YES;
				CLANG_WARN_NON_LITERAL_NULL_CONVERSION = YES;
				CLANG_WARN_OBJC_IMPLICIT_RETAIN_SELF = YES;
				CLANG_WARN_OBJC_LITERAL_CONVERSION = YES;
				CLANG_WARN_OBJC_ROOT_CLASS = YES_ERROR;
				CLANG_WARN_RANGE_LOOP_ANALYSIS = YES;
				CLANG_WARN_STRICT_PROTOTYPES = YES;
				CLANG_WARN_SUSPICIOUS_MOVE = YES;
				CLANG_WARN_UNGUARDED_AVAILABILITY = YES_AGGRESSIVE;
				CLANG_WARN_UNREACHABLE_CODE = YES;
				CLANG_WARN__DUPLICATE_METHOD_MATCH = YES;
				COPY_PHASE_STRIP = NO;
				DEBUG_INFORMATION_FORMAT = dwarf;
				ENABLE_STRICT_OBJC_MSGSEND = YES;
				ENABLE_TESTABILITY = YES;
				GCC_C_LANGUAGE_STANDARD = gnu11;
				GCC_DYNAMIC_NO_PIC = NO;
				GCC_NO_COMMON_BLOCKS = YES;
				GCC_OPTIMIZATION_LEVEL = 0;
				GCC_PREPROCESSOR_DEFINITIONS = (
					"DEBUG=1",
					"$(inherited)",
				);
				GCC_WARN_64_TO_32_BIT_CONVERSION = YES;
				GCC_WARN_ABOUT_RETURN_TYPE = YES_ERROR;
				GCC_WARN_UNDECLARED_SELECTOR = YES;
				GCC_WARN_UNINITIALIZED_AUTOS = YES_AGGRESSIVE;
				GCC_WARN_UNUSED_FUNCTION = YES;
				GCC_WARN_UNUSED_VARIABLE = YES;
				IPHONEOS_DEPLOYMENT_TARGET = 13.0;
				MTL_ENABLE_DEBUG_INFO = INCLUDE_SOURCE;
				MTL_FAST_MATH = YES;
				ONLY_ACTIVE_ARCH = YES;
				SDKROOT = iphoneos;
				SWIFT_ACTIVE_COMPILATION_CONDITIONS = DEBUG;
				SWIFT_OPTIMIZATION_LEVEL = "-Onone";
			};
			name = Debug;
		};
		694233FD2512263100E96B97 /* Release */ = {
			isa = XCBuildConfiguration;
			buildSettings = {
				ALWAYS_SEARCH_USER_PATHS = NO;
				CLANG_ANALYZER_NONNULL = YES;
				CLANG_ANALYZER_NUMBER_OBJECT_CONVERSION = YES_AGGRESSIVE;
				CLANG_CXX_LANGUAGE_STANDARD = "gnu++14";
				CLANG_CXX_LIBRARY = "libc++";
				CLANG_ENABLE_MODULES = YES;
				CLANG_ENABLE_OBJC_ARC = YES;
				CLANG_ENABLE_OBJC_WEAK = YES;
				CLANG_WARN_BLOCK_CAPTURE_AUTORELEASING = YES;
				CLANG_WARN_BOOL_CONVERSION = YES;
				CLANG_WARN_COMMA = YES;
				CLANG_WARN_CONSTANT_CONVERSION = YES;
				CLANG_WARN_DEPRECATED_OBJC_IMPLEMENTATIONS = YES;
				CLANG_WARN_DIRECT_OBJC_ISA_USAGE = YES_ERROR;
				CLANG_WARN_DOCUMENTATION_COMMENTS = YES;
				CLANG_WARN_EMPTY_BODY = YES;
				CLANG_WARN_ENUM_CONVERSION = YES;
				CLANG_WARN_INFINITE_RECURSION = YES;
				CLANG_WARN_INT_CONVERSION = YES;
				CLANG_WARN_NON_LITERAL_NULL_CONVERSION = YES;
				CLANG_WARN_OBJC_IMPLICIT_RETAIN_SELF = YES;
				CLANG_WARN_OBJC_LITERAL_CONVERSION = YES;
				CLANG_WARN_OBJC_ROOT_CLASS = YES_ERROR;
				CLANG_WARN_RANGE_LOOP_ANALYSIS = YES;
				CLANG_WARN_STRICT_PROTOTYPES = YES;
				CLANG_WARN_SUSPICIOUS_MOVE = YES;
				CLANG_WARN_UNGUARDED_AVAILABILITY = YES_AGGRESSIVE;
				CLANG_WARN_UNREACHABLE_CODE = YES;
				CLANG_WARN__DUPLICATE_METHOD_MATCH = YES;
				COPY_PHASE_STRIP = NO;
				DEBUG_INFORMATION_FORMAT = "dwarf-with-dsym";
				ENABLE_NS_ASSERTIONS = NO;
				ENABLE_STRICT_OBJC_MSGSEND = YES;
				GCC_C_LANGUAGE_STANDARD = gnu11;
				GCC_NO_COMMON_BLOCKS = YES;
				GCC_WARN_64_TO_32_BIT_CONVERSION = YES;
				GCC_WARN_ABOUT_RETURN_TYPE = YES_ERROR;
				GCC_WARN_UNDECLARED_SELECTOR = YES;
				GCC_WARN_UNINITIALIZED_AUTOS = YES_AGGRESSIVE;
				GCC_WARN_UNUSED_FUNCTION = YES;
				GCC_WARN_UNUSED_VARIABLE = YES;
				IPHONEOS_DEPLOYMENT_TARGET = 13.0;
				MTL_ENABLE_DEBUG_INFO = NO;
				MTL_FAST_MATH = YES;
				SDKROOT = iphoneos;
				SWIFT_COMPILATION_MODE = wholemodule;
				SWIFT_OPTIMIZATION_LEVEL = "-O";
				VALIDATE_PRODUCT = YES;
			};
			name = Release;
		};
		694233FF2512263100E96B97 /* Debug */ = {
			isa = XCBuildConfiguration;
			buildSettings = {
				ASSETCATALOG_COMPILER_APPICON_NAME = AppIcon;
				CODE_SIGN_STYLE = Automatic;
				DEVELOPMENT_TEAM = K5T37M7ZUW;
				INFOPLIST_FILE = BananaAppleImageClassifierApp/Info.plist;
				LD_RUNPATH_SEARCH_PATHS = (
					"$(inherited)",
					"@executable_path/Frameworks",
				);
				PRODUCT_BUNDLE_IDENTIFIER = com.gigmuster.BananaAppleImageClassifierApp;
				PRODUCT_NAME = "$(TARGET_NAME)";
				SWIFT_VERSION = 5.0;
				TARGETED_DEVICE_FAMILY = 1;
			};
			name = Debug;
		};
		694234002512263100E96B97 /* Release */ = {
			isa = XCBuildConfiguration;
			buildSettings = {
				ASSETCATALOG_COMPILER_APPICON_NAME = AppIcon;
				CODE_SIGN_STYLE = Automatic;
				DEVELOPMENT_TEAM = K5T37M7ZUW;
				INFOPLIST_FILE = BananaAppleImageClassifierApp/Info.plist;
				LD_RUNPATH_SEARCH_PATHS = (
					"$(inherited)",
					"@executable_path/Frameworks",
				);
				PRODUCT_BUNDLE_IDENTIFIER = com.gigmuster.BananaAppleImageClassifierApp;
				PRODUCT_NAME = "$(TARGET_NAME)";
				SWIFT_VERSION = 5.0;
				TARGETED_DEVICE_FAMILY = 1;
			};
			name = Release;
		};
/* End XCBuildConfiguration section */

/* Begin XCConfigurationList section */
		694233E52512262F00E96B97 /* Build configuration list for PBXProject "BananaAppleImageClassifierApp" */ = {
			isa = XCConfigurationList;
			buildConfigurations = (
				694233FC2512263100E96B97 /* Debug */,
				694233FD2512263100E96B97 /* Release */,
			);
			defaultConfigurationIsVisible = 0;
			defaultConfigurationName = Release;
		};
		694233FE2512263100E96B97 /* Build configuration list for PBXNativeTarget "BananaAppleImageClassifierApp" */ = {
			isa = XCConfigurationList;
			buildConfigurations = (
				694233FF2512263100E96B97 /* Debug */,
				694234002512263100E96B97 /* Release */,
			);
			defaultConfigurationIsVisible = 0;
			defaultConfigurationName = Release;
		};
/* End XCConfigurationList section */
	};
	rootObject = 694233E22512262F00E96B97 /* Project object */;
}
